
Microsoft Visual Studio Solution File, Format Version 12.00
# Visual Studio 15
VisualStudioVersion = 15.0.27703.2026
MinimumVisualStudioVersion = 10.0.40219.1
Project("{2150E333-8FDC-42A3-9474-1A3956D46DE8}") = "src", "src", "{03A3EB18-32B0-4C47-874C-8970BC829BCD}"
EndProject
Project("{2150E333-8FDC-42A3-9474-1A3956D46DE8}") = "test", "test", "{4EC73564-EA43-496E-BBBE-1E7AD4A858FA}"
EndProject
Project("{9A19103F-16F7-4668-BE54-9A1E7A4F7556}") = "TradeUnionCommittee.BLL", "src\TradeUnionCommittee.BLL\TradeUnionCommittee.BLL.csproj", "{514B296E-A888-4D0A-BC5C-FB90D1EED0CB}"
EndProject
Project("{9A19103F-16F7-4668-BE54-9A1E7A4F7556}") = "TradeUnionCommittee.Common", "src\TradeUnionCommittee.Common\TradeUnionCommittee.Common.csproj", "{D9BDE0C6-2207-41C7-A9E9-1D528AD5A626}"
EndProject
Project("{9A19103F-16F7-4668-BE54-9A1E7A4F7556}") = "TradeUnionCommittee.DAL", "src\TradeUnionCommittee.DAL\TradeUnionCommittee.DAL.csproj", "{0BCF9081-B738-4D94-BD77-49887E3D5305}"
EndProject
Project("{9A19103F-16F7-4668-BE54-9A1E7A4F7556}") = "TradeUnionCommittee.DataAnalysis.Service", "src\TradeUnionCommittee.DataAnalysis.Service\TradeUnionCommittee.DataAnalysis.Service.csproj", "{7F1BC511-A430-4C18-9352-685A0AD2F0E4}"
EndProject
Project("{9A19103F-16F7-4668-BE54-9A1E7A4F7556}") = "TradeUnionCommittee.Mvc.Web.GUI", "src\TradeUnionCommittee.Mvc.Web.GUI\TradeUnionCommittee.Mvc.Web.GUI.csproj", "{3410C34F-94C3-419C-BC10-767E2BB74043}"
EndProject
Project("{9A19103F-16F7-4668-BE54-9A1E7A4F7556}") = "TradeUnionCommittee.PDF.Service", "src\TradeUnionCommittee.PDF.Service\TradeUnionCommittee.PDF.Service.csproj", "{4FD6A71E-A4E1-42F6-B9DC-4F06B61F9150}"
EndProject
Project("{9A19103F-16F7-4668-BE54-9A1E7A4F7556}") = "TradeUnionCommittee.ViewModels", "src\TradeUnionCommittee.ViewModels\TradeUnionCommittee.ViewModels.csproj", "{5BA33EB6-4503-4B26-B316-D420B24B1AB6}"
EndProject
Project("{9A19103F-16F7-4668-BE54-9A1E7A4F7556}") = "TradeUnionCommittee.Web.Api", "src\TradeUnionCommittee.Web.Api\TradeUnionCommittee.Web.Api.csproj", "{B37BE1CD-9EA4-46A1-8384-82E104A85C7C}"
EndProject
Project("{9A19103F-16F7-4668-BE54-9A1E7A4F7556}") = "TradeUnionCommittee.UnitTests", "test\TradeUnionCommittee.UnitTests\TradeUnionCommittee.UnitTests.csproj", "{2B5D5174-B224-48AE-8E5F-D6B76ECFB341}"
EndProject
Project("{9A19103F-16F7-4668-BE54-9A1E7A4F7556}") = "TradeUnionCommittee.DAL.Identity", "src\TradeUnionCommittee.DAL.Identity\TradeUnionCommittee.DAL.Identity.csproj", "{ABD084B9-A640-408C-9C4A-82CFCC466D79}"
EndProject
Project("{FAE04EC0-301F-11D3-BF4B-00C04F79EFBC}") = "TradeUnionCommittee.DAL.Audit", "src\TradeUnionCommittee.DAL.Audit\TradeUnionCommittee.DAL.Audit.csproj", "{A9934650-5D15-49FE-B54E-A8A7C831E029}"
EndProject
Project("{E53339B2-1760-4266-BCC7-CA923CBCF16C}") = "docker-compose", "docker-compose.dcproj", "{079792DE-CBC7-4C86-927C-458F2F6CCA73}"
EndProject
Global
	GlobalSection(SolutionConfigurationPlatforms) = preSolution
		Debug|Any CPU = Debug|Any CPU
		Release|Any CPU = Release|Any CPU
	EndGlobalSection
	GlobalSection(ProjectConfigurationPlatforms) = postSolution
		{514B296E-A888-4D0A-BC5C-FB90D1EED0CB}.Debug|Any CPU.ActiveCfg = Debug|Any CPU
		{514B296E-A888-4D0A-BC5C-FB90D1EED0CB}.Debug|Any CPU.Build.0 = Debug|Any CPU
		{514B296E-A888-4D0A-BC5C-FB90D1EED0CB}.Release|Any CPU.ActiveCfg = Release|Any CPU
		{514B296E-A888-4D0A-BC5C-FB90D1EED0CB}.Release|Any CPU.Build.0 = Release|Any CPU
		{D9BDE0C6-2207-41C7-A9E9-1D528AD5A626}.Debug|Any CPU.ActiveCfg = Debug|Any CPU
		{D9BDE0C6-2207-41C7-A9E9-1D528AD5A626}.Debug|Any CPU.Build.0 = Debug|Any CPU
		{D9BDE0C6-2207-41C7-A9E9-1D528AD5A626}.Release|Any CPU.ActiveCfg = Release|Any CPU
		{D9BDE0C6-2207-41C7-A9E9-1D528AD5A626}.Release|Any CPU.Build.0 = Release|Any CPU
		{0BCF9081-B738-4D94-BD77-49887E3D5305}.Debug|Any CPU.ActiveCfg = Debug|Any CPU
		{0BCF9081-B738-4D94-BD77-49887E3D5305}.Debug|Any CPU.Build.0 = Debug|Any CPU
		{0BCF9081-B738-4D94-BD77-49887E3D5305}.Release|Any CPU.ActiveCfg = Release|Any CPU
		{0BCF9081-B738-4D94-BD77-49887E3D5305}.Release|Any CPU.Build.0 = Release|Any CPU
		{7F1BC511-A430-4C18-9352-685A0AD2F0E4}.Debug|Any CPU.ActiveCfg = Debug|Any CPU
		{7F1BC511-A430-4C18-9352-685A0AD2F0E4}.Debug|Any CPU.Build.0 = Debug|Any CPU
		{7F1BC511-A430-4C18-9352-685A0AD2F0E4}.Release|Any CPU.ActiveCfg = Release|Any CPU
		{7F1BC511-A430-4C18-9352-685A0AD2F0E4}.Release|Any CPU.Build.0 = Release|Any CPU
		{3410C34F-94C3-419C-BC10-767E2BB74043}.Debug|Any CPU.ActiveCfg = Debug|Any CPU
		{3410C34F-94C3-419C-BC10-767E2BB74043}.Debug|Any CPU.Build.0 = Debug|Any CPU
		{3410C34F-94C3-419C-BC10-767E2BB74043}.Release|Any CPU.ActiveCfg = Release|Any CPU
		{3410C34F-94C3-419C-BC10-767E2BB74043}.Release|Any CPU.Build.0 = Release|Any CPU
		{4FD6A71E-A4E1-42F6-B9DC-4F06B61F9150}.Debug|Any CPU.ActiveCfg = Debug|Any CPU
		{4FD6A71E-A4E1-42F6-B9DC-4F06B61F9150}.Debug|Any CPU.Build.0 = Debug|Any CPU
		{4FD6A71E-A4E1-42F6-B9DC-4F06B61F9150}.Release|Any CPU.ActiveCfg = Release|Any CPU
		{4FD6A71E-A4E1-42F6-B9DC-4F06B61F9150}.Release|Any CPU.Build.0 = Release|Any CPU
		{5BA33EB6-4503-4B26-B316-D420B24B1AB6}.Debug|Any CPU.ActiveCfg = Debug|Any CPU
		{5BA33EB6-4503-4B26-B316-D420B24B1AB6}.Debug|Any CPU.Build.0 = Debug|Any CPU
		{5BA33EB6-4503-4B26-B316-D420B24B1AB6}.Release|Any CPU.ActiveCfg = Release|Any CPU
		{5BA33EB6-4503-4B26-B316-D420B24B1AB6}.Release|Any CPU.Build.0 = Release|Any CPU
		{B37BE1CD-9EA4-46A1-8384-82E104A85C7C}.Debug|Any CPU.ActiveCfg = Debug|Any CPU
		{B37BE1CD-9EA4-46A1-8384-82E104A85C7C}.Debug|Any CPU.Build.0 = Debug|Any CPU
		{B37BE1CD-9EA4-46A1-8384-82E104A85C7C}.Release|Any CPU.ActiveCfg = Release|Any CPU
		{B37BE1CD-9EA4-46A1-8384-82E104A85C7C}.Release|Any CPU.Build.0 = Release|Any CPU
		{2B5D5174-B224-48AE-8E5F-D6B76ECFB341}.Debug|Any CPU.ActiveCfg = Debug|Any CPU
		{2B5D5174-B224-48AE-8E5F-D6B76ECFB341}.Debug|Any CPU.Build.0 = Debug|Any CPU
		{2B5D5174-B224-48AE-8E5F-D6B76ECFB341}.Release|Any CPU.ActiveCfg = Release|Any CPU
		{2B5D5174-B224-48AE-8E5F-D6B76ECFB341}.Release|Any CPU.Build.0 = Release|Any CPU
		{ABD084B9-A640-408C-9C4A-82CFCC466D79}.Debug|Any CPU.ActiveCfg = Debug|Any CPU
		{ABD084B9-A640-408C-9C4A-82CFCC466D79}.Debug|Any CPU.Build.0 = Debug|Any CPU
		{ABD084B9-A640-408C-9C4A-82CFCC466D79}.Release|Any CPU.ActiveCfg = Release|Any CPU
		{ABD084B9-A640-408C-9C4A-82CFCC466D79}.Release|Any CPU.Build.0 = Release|Any CPU
		{A9934650-5D15-49FE-B54E-A8A7C831E029}.Debug|Any CPU.ActiveCfg = Debug|Any CPU
		{A9934650-5D15-49FE-B54E-A8A7C831E029}.Debug|Any CPU.Build.0 = Debug|Any CPU
		{A9934650-5D15-49FE-B54E-A8A7C831E029}.Release|Any CPU.ActiveCfg = Release|Any CPU
		{A9934650-5D15-49FE-B54E-A8A7C831E029}.Release|Any CPU.Build.0 = Release|Any CPU
		{079792DE-CBC7-4C86-927C-458F2F6CCA73}.Debug|Any CPU.ActiveCfg = Debug|Any CPU
		{079792DE-CBC7-4C86-927C-458F2F6CCA73}.Debug|Any CPU.Build.0 = Debug|Any CPU
		{079792DE-CBC7-4C86-927C-458F2F6CCA73}.Release|Any CPU.ActiveCfg = Release|Any CPU
		{079792DE-CBC7-4C86-927C-458F2F6CCA73}.Release|Any CPU.Build.0 = Release|Any CPU
	EndGlobalSection
	GlobalSection(SolutionProperties) = preSolution
		HideSolutionNode = FALSE
	EndGlobalSection
	GlobalSection(NestedProjects) = preSolution
		{514B296E-A888-4D0A-BC5C-FB90D1EED0CB} = {03A3EB18-32B0-4C47-874C-8970BC829BCD}
		{D9BDE0C6-2207-41C7-A9E9-1D528AD5A626} = {03A3EB18-32B0-4C47-874C-8970BC829BCD}
		{0BCF9081-B738-4D94-BD77-49887E3D5305} = {03A3EB18-32B0-4C47-874C-8970BC829BCD}
		{7F1BC511-A430-4C18-9352-685A0AD2F0E4} = {03A3EB18-32B0-4C47-874C-8970BC829BCD}
		{3410C34F-94C3-419C-BC10-767E2BB74043} = {03A3EB18-32B0-4C47-874C-8970BC829BCD}
		{4FD6A71E-A4E1-42F6-B9DC-4F06B61F9150} = {03A3EB18-32B0-4C47-874C-8970BC829BCD}
		{5BA33EB6-4503-4B26-B316-D420B24B1AB6} = {03A3EB18-32B0-4C47-874C-8970BC829BCD}
		{B37BE1CD-9EA4-46A1-8384-82E104A85C7C} = {03A3EB18-32B0-4C47-874C-8970BC829BCD}
		{2B5D5174-B224-48AE-8E5F-D6B76ECFB341} = {4EC73564-EA43-496E-BBBE-1E7AD4A858FA}
		{ABD084B9-A640-408C-9C4A-82CFCC466D79} = {03A3EB18-32B0-4C47-874C-8970BC829BCD}
		{A9934650-5D15-49FE-B54E-A8A7C831E029} = {03A3EB18-32B0-4C47-874C-8970BC829BCD}
	EndGlobalSection
	GlobalSection(ExtensibilityGlobals) = postSolution
		SolutionGuid = {EC5AC943-9C93-46B6-B905-0EE4F2D6B0DF}
	EndGlobalSection
EndGlobal
