
Microsoft Visual Studio Solution File, Format Version 12.00
# Visual Studio 15
VisualStudioVersion = 15.0.27703.2026
MinimumVisualStudioVersion = 10.0.40219.1
Project("{9A19103F-16F7-4668-BE54-9A1E7A4F7556}") = "TradeUnionCommittee.DAL", "TradeUnionCommittee.DAL\TradeUnionCommittee.DAL.csproj", "{DC964038-2559-473B-8CFA-69DC7FCE46BE}"
EndProject
Project("{9A19103F-16F7-4668-BE54-9A1E7A4F7556}") = "TradeUnionCommittee.Common", "TradeUnionCommittee.Common\TradeUnionCommittee.Common.csproj", "{C1714A6E-228D-441C-83FD-63CA4E77F70F}"
EndProject
Project("{9A19103F-16F7-4668-BE54-9A1E7A4F7556}") = "TradeUnionCommittee.BLL", "TradeUnionCommittee.BLL\TradeUnionCommittee.BLL.csproj", "{A0BD33A7-B907-4E1E-BB1D-11564309408F}"
EndProject
Project("{9A19103F-16F7-4668-BE54-9A1E7A4F7556}") = "TradeUnionCommittee.UnitTests", "TradeUnionCommittee.UnitTests\TradeUnionCommittee.UnitTests.csproj", "{D0F824FD-78DB-4D79-AE3A-A45C69F73072}"
EndProject
Project("{9A19103F-16F7-4668-BE54-9A1E7A4F7556}") = "TradeUnionCommittee.Web.Api", "TradeUnionCommittee.Web.Api\TradeUnionCommittee.Web.Api.csproj", "{84139A2A-6FA3-4364-B869-6018A0047916}"
EndProject
Project("{9A19103F-16F7-4668-BE54-9A1E7A4F7556}") = "TradeUnionCommittee.Mvc.Web.GUI", "TradeUnionCommittee.Mvc.Web.GUI\TradeUnionCommittee.Mvc.Web.GUI.csproj", "{38EF35E9-230A-4430-896D-19FA4BCB69DF}"
EndProject
Project("{FAE04EC0-301F-11D3-BF4B-00C04F79EFBC}") = "TradeUnionCommittee.ViewModels", "TradeUnionCommittee.ViewModels\TradeUnionCommittee.ViewModels.csproj", "{05B718B5-5A6F-4967-9B59-3BEDFAC97AB9}"
EndProject
Global
	GlobalSection(SolutionConfigurationPlatforms) = preSolution
		Debug|Any CPU = Debug|Any CPU
		Release|Any CPU = Release|Any CPU
	EndGlobalSection
	GlobalSection(ProjectConfigurationPlatforms) = postSolution
		{DC964038-2559-473B-8CFA-69DC7FCE46BE}.Debug|Any CPU.ActiveCfg = Debug|Any CPU
		{DC964038-2559-473B-8CFA-69DC7FCE46BE}.Debug|Any CPU.Build.0 = Debug|Any CPU
		{DC964038-2559-473B-8CFA-69DC7FCE46BE}.Release|Any CPU.ActiveCfg = Release|Any CPU
		{DC964038-2559-473B-8CFA-69DC7FCE46BE}.Release|Any CPU.Build.0 = Release|Any CPU
		{C1714A6E-228D-441C-83FD-63CA4E77F70F}.Debug|Any CPU.ActiveCfg = Debug|Any CPU
		{C1714A6E-228D-441C-83FD-63CA4E77F70F}.Debug|Any CPU.Build.0 = Debug|Any CPU
		{C1714A6E-228D-441C-83FD-63CA4E77F70F}.Release|Any CPU.ActiveCfg = Release|Any CPU
		{C1714A6E-228D-441C-83FD-63CA4E77F70F}.Release|Any CPU.Build.0 = Release|Any CPU
		{A0BD33A7-B907-4E1E-BB1D-11564309408F}.Debug|Any CPU.ActiveCfg = Debug|Any CPU
		{A0BD33A7-B907-4E1E-BB1D-11564309408F}.Debug|Any CPU.Build.0 = Debug|Any CPU
		{A0BD33A7-B907-4E1E-BB1D-11564309408F}.Release|Any CPU.ActiveCfg = Release|Any CPU
		{A0BD33A7-B907-4E1E-BB1D-11564309408F}.Release|Any CPU.Build.0 = Release|Any CPU
		{D0F824FD-78DB-4D79-AE3A-A45C69F73072}.Debug|Any CPU.ActiveCfg = Debug|Any CPU
		{D0F824FD-78DB-4D79-AE3A-A45C69F73072}.Debug|Any CPU.Build.0 = Debug|Any CPU
		{D0F824FD-78DB-4D79-AE3A-A45C69F73072}.Release|Any CPU.ActiveCfg = Release|Any CPU
		{D0F824FD-78DB-4D79-AE3A-A45C69F73072}.Release|Any CPU.Build.0 = Release|Any CPU
		{84139A2A-6FA3-4364-B869-6018A0047916}.Debug|Any CPU.ActiveCfg = Debug|Any CPU
		{84139A2A-6FA3-4364-B869-6018A0047916}.Debug|Any CPU.Build.0 = Debug|Any CPU
		{84139A2A-6FA3-4364-B869-6018A0047916}.Release|Any CPU.ActiveCfg = Release|Any CPU
		{84139A2A-6FA3-4364-B869-6018A0047916}.Release|Any CPU.Build.0 = Release|Any CPU
		{38EF35E9-230A-4430-896D-19FA4BCB69DF}.Debug|Any CPU.ActiveCfg = Debug|Any CPU
		{38EF35E9-230A-4430-896D-19FA4BCB69DF}.Debug|Any CPU.Build.0 = Debug|Any CPU
		{38EF35E9-230A-4430-896D-19FA4BCB69DF}.Release|Any CPU.ActiveCfg = Release|Any CPU
		{38EF35E9-230A-4430-896D-19FA4BCB69DF}.Release|Any CPU.Build.0 = Release|Any CPU
		{05B718B5-5A6F-4967-9B59-3BEDFAC97AB9}.Debug|Any CPU.ActiveCfg = Debug|Any CPU
		{05B718B5-5A6F-4967-9B59-3BEDFAC97AB9}.Debug|Any CPU.Build.0 = Debug|Any CPU
		{05B718B5-5A6F-4967-9B59-3BEDFAC97AB9}.Release|Any CPU.ActiveCfg = Release|Any CPU
		{05B718B5-5A6F-4967-9B59-3BEDFAC97AB9}.Release|Any CPU.Build.0 = Release|Any CPU
	EndGlobalSection
	GlobalSection(SolutionProperties) = preSolution
		HideSolutionNode = FALSE
	EndGlobalSection
	GlobalSection(ExtensibilityGlobals) = postSolution
		SolutionGuid = {EC5AC943-9C93-46B6-B905-0EE4F2D6B0DF}
	EndGlobalSection
EndGlobal
