
Microsoft Visual Studio Solution File, Format Version 12.00
# Visual Studio 15
VisualStudioVersion = 15.0.27703.2026
MinimumVisualStudioVersion = 10.0.40219.1
Project("{9A19103F-16F7-4668-BE54-9A1E7A4F7556}") = "TradeUnionCommittee.DAL", "TradeUnionCommittee.DAL\TradeUnionCommittee.DAL.csproj", "{DC964038-2559-473B-8CFA-69DC7FCE46BE}"
EndProject
Project("{9A19103F-16F7-4668-BE54-9A1E7A4F7556}") = "TradeUnionCommittee.Common", "TradeUnionCommittee.Common\TradeUnionCommittee.Common.csproj", "{C1714A6E-228D-441C-83FD-63CA4E77F70F}"
EndProject
Project("{9A19103F-16F7-4668-BE54-9A1E7A4F7556}") = "TradeUnionCommittee.BLL", "TradeUnionCommittee.BLL\TradeUnionCommittee.BLL.csproj", "{A0BD33A7-B907-4E1E-BB1D-11564309408F}"
EndProject
Project("{9A19103F-16F7-4668-BE54-9A1E7A4F7556}") = "TradeUnionCommittee.DAL.Tests", "TradeUnionCommittee.DAL.Tests\TradeUnionCommittee.DAL.Tests.csproj", "{E8258457-B01F-4648-B23A-4442BA010A0F}"
EndProject
Project("{9A19103F-16F7-4668-BE54-9A1E7A4F7556}") = "TradeUnionCommittee.BLL.Tests", "TradeUnionCommittee.BLL.Tests\TradeUnionCommittee.BLL.Tests.csproj", "{7F64543B-5F35-4BEE-856F-61185B6EFA62}"
EndProject
Project("{9A19103F-16F7-4668-BE54-9A1E7A4F7556}") = "TradeUnionCommittee.Web.GUI", "TradeUnionCommittee.Web.GUI\TradeUnionCommittee.Web.GUI.csproj", "{058DC0B6-F6E0-4103-B5AF-F28FB63F98D4}"
EndProject
Project("{9A19103F-16F7-4668-BE54-9A1E7A4F7556}") = "TradeUnionCommittee.Api", "TradeUnionCommittee.Api\TradeUnionCommittee.Api.csproj", "{6B40D6B3-78A9-4EE8-B6FD-88DA97DE5905}"
EndProject
Project("{9A19103F-16F7-4668-BE54-9A1E7A4F7556}") = "TradeUnionCommittee.Service", "TradeUnionCommittee.Service\TradeUnionCommittee.Service.csproj", "{D4EB1575-1CC0-42C9-9292-CA137203EF98}"
EndProject
Global
	GlobalSection(SolutionConfigurationPlatforms) = preSolution
		Debug|Any CPU = Debug|Any CPU
		Release|Any CPU = Release|Any CPU
	EndGlobalSection
	GlobalSection(ProjectConfigurationPlatforms) = postSolution
		{DC964038-2559-473B-8CFA-69DC7FCE46BE}.Debug|Any CPU.ActiveCfg = Debug|Any CPU
		{DC964038-2559-473B-8CFA-69DC7FCE46BE}.Debug|Any CPU.Build.0 = Debug|Any CPU
		{DC964038-2559-473B-8CFA-69DC7FCE46BE}.Release|Any CPU.ActiveCfg = Release|Any CPU
		{DC964038-2559-473B-8CFA-69DC7FCE46BE}.Release|Any CPU.Build.0 = Release|Any CPU
		{C1714A6E-228D-441C-83FD-63CA4E77F70F}.Debug|Any CPU.ActiveCfg = Debug|Any CPU
		{C1714A6E-228D-441C-83FD-63CA4E77F70F}.Debug|Any CPU.Build.0 = Debug|Any CPU
		{C1714A6E-228D-441C-83FD-63CA4E77F70F}.Release|Any CPU.ActiveCfg = Release|Any CPU
		{C1714A6E-228D-441C-83FD-63CA4E77F70F}.Release|Any CPU.Build.0 = Release|Any CPU
		{A0BD33A7-B907-4E1E-BB1D-11564309408F}.Debug|Any CPU.ActiveCfg = Debug|Any CPU
		{A0BD33A7-B907-4E1E-BB1D-11564309408F}.Debug|Any CPU.Build.0 = Debug|Any CPU
		{A0BD33A7-B907-4E1E-BB1D-11564309408F}.Release|Any CPU.ActiveCfg = Release|Any CPU
		{A0BD33A7-B907-4E1E-BB1D-11564309408F}.Release|Any CPU.Build.0 = Release|Any CPU
		{E8258457-B01F-4648-B23A-4442BA010A0F}.Debug|Any CPU.ActiveCfg = Debug|Any CPU
		{E8258457-B01F-4648-B23A-4442BA010A0F}.Debug|Any CPU.Build.0 = Debug|Any CPU
		{E8258457-B01F-4648-B23A-4442BA010A0F}.Release|Any CPU.ActiveCfg = Release|Any CPU
		{E8258457-B01F-4648-B23A-4442BA010A0F}.Release|Any CPU.Build.0 = Release|Any CPU
		{7F64543B-5F35-4BEE-856F-61185B6EFA62}.Debug|Any CPU.ActiveCfg = Debug|Any CPU
		{7F64543B-5F35-4BEE-856F-61185B6EFA62}.Debug|Any CPU.Build.0 = Debug|Any CPU
		{7F64543B-5F35-4BEE-856F-61185B6EFA62}.Release|Any CPU.ActiveCfg = Release|Any CPU
		{7F64543B-5F35-4BEE-856F-61185B6EFA62}.Release|Any CPU.Build.0 = Release|Any CPU
		{058DC0B6-F6E0-4103-B5AF-F28FB63F98D4}.Debug|Any CPU.ActiveCfg = Debug|Any CPU
		{058DC0B6-F6E0-4103-B5AF-F28FB63F98D4}.Debug|Any CPU.Build.0 = Debug|Any CPU
		{058DC0B6-F6E0-4103-B5AF-F28FB63F98D4}.Release|Any CPU.ActiveCfg = Release|Any CPU
		{058DC0B6-F6E0-4103-B5AF-F28FB63F98D4}.Release|Any CPU.Build.0 = Release|Any CPU
		{6B40D6B3-78A9-4EE8-B6FD-88DA97DE5905}.Debug|Any CPU.ActiveCfg = Debug|Any CPU
		{6B40D6B3-78A9-4EE8-B6FD-88DA97DE5905}.Debug|Any CPU.Build.0 = Debug|Any CPU
		{6B40D6B3-78A9-4EE8-B6FD-88DA97DE5905}.Release|Any CPU.ActiveCfg = Release|Any CPU
		{6B40D6B3-78A9-4EE8-B6FD-88DA97DE5905}.Release|Any CPU.Build.0 = Release|Any CPU
		{D4EB1575-1CC0-42C9-9292-CA137203EF98}.Debug|Any CPU.ActiveCfg = Debug|Any CPU
		{D4EB1575-1CC0-42C9-9292-CA137203EF98}.Debug|Any CPU.Build.0 = Debug|Any CPU
		{D4EB1575-1CC0-42C9-9292-CA137203EF98}.Release|Any CPU.ActiveCfg = Release|Any CPU
		{D4EB1575-1CC0-42C9-9292-CA137203EF98}.Release|Any CPU.Build.0 = Release|Any CPU
	EndGlobalSection
	GlobalSection(SolutionProperties) = preSolution
		HideSolutionNode = FALSE
	EndGlobalSection
	GlobalSection(ExtensibilityGlobals) = postSolution
		SolutionGuid = {EC5AC943-9C93-46B6-B905-0EE4F2D6B0DF}
	EndGlobalSection
EndGlobal
