
Microsoft Visual Studio Solution File, Format Version 12.00
# Visual Studio Version 16
VisualStudioVersion = 16.0.29209.62
MinimumVisualStudioVersion = 10.0.40219.1
Project("{2150E333-8FDC-42A3-9474-1A3956D46DE8}") = "src", "src", "{20748959-7C9E-4987-A92E-5F9CCBB86B4E}"
EndProject
Project("{2150E333-8FDC-42A3-9474-1A3956D46DE8}") = "test", "test", "{DE274338-7297-4DDA-A21D-0763CE0B252C}"
EndProject
Project("{9A19103F-16F7-4668-BE54-9A1E7A4F7556}") = "TradeUnionCommittee.Mvc.Web.GUI", "src\TradeUnionCommittee.Mvc.Web.GUI\TradeUnionCommittee.Mvc.Web.GUI.csproj", "{AB6F5C20-9BA5-4F90-A964-050373225746}"
EndProject
Project("{9A19103F-16F7-4668-BE54-9A1E7A4F7556}") = "TradeUnionCommittee.BLL", "..\TradeUnionCommittee.Core\src\TradeUnionCommittee.BLL\TradeUnionCommittee.BLL.csproj", "{8A914A3D-62EE-4797-B1D3-701DFD8AEECE}"
EndProject
Project("{9A19103F-16F7-4668-BE54-9A1E7A4F7556}") = "TradeUnionCommittee.CloudStorage.Service", "..\TradeUnionCommittee.Core\src\TradeUnionCommittee.CloudStorage.Service\TradeUnionCommittee.CloudStorage.Service.csproj", "{0B098628-1CAA-4C78-8C23-02D7418C61E7}"
EndProject
Project("{9A19103F-16F7-4668-BE54-9A1E7A4F7556}") = "TradeUnionCommittee.DAL", "..\TradeUnionCommittee.Core\src\TradeUnionCommittee.DAL\TradeUnionCommittee.DAL.csproj", "{E2286A13-9991-4C6F-AE7C-F4BED280B609}"
EndProject
Project("{9A19103F-16F7-4668-BE54-9A1E7A4F7556}") = "TradeUnionCommittee.DAL.Audit", "..\TradeUnionCommittee.Core\src\TradeUnionCommittee.DAL.Audit\TradeUnionCommittee.DAL.Audit.csproj", "{914686AE-482D-468A-B697-078FBADE933B}"
EndProject
Project("{9A19103F-16F7-4668-BE54-9A1E7A4F7556}") = "TradeUnionCommittee.DAL.CloudStorage", "..\TradeUnionCommittee.Core\src\TradeUnionCommittee.DAL.CloudStorage\TradeUnionCommittee.DAL.CloudStorage.csproj", "{7B56D139-F734-45BF-B589-E6FC5A796EA4}"
EndProject
Project("{9A19103F-16F7-4668-BE54-9A1E7A4F7556}") = "TradeUnionCommittee.DAL.Identity", "..\TradeUnionCommittee.Core\src\TradeUnionCommittee.DAL.Identity\TradeUnionCommittee.DAL.Identity.csproj", "{E52DB000-BAF3-42E4-9425-28ED75DA935E}"
EndProject
Project("{9A19103F-16F7-4668-BE54-9A1E7A4F7556}") = "TradeUnionCommittee.DataAnalysis.Service", "..\TradeUnionCommittee.Core\src\TradeUnionCommittee.DataAnalysis.Service\TradeUnionCommittee.DataAnalysis.Service.csproj", "{63562DE2-1278-46FC-85CA-9088F2DA04DB}"
EndProject
Project("{9A19103F-16F7-4668-BE54-9A1E7A4F7556}") = "TradeUnionCommittee.PDF.Service", "..\TradeUnionCommittee.Core\src\TradeUnionCommittee.PDF.Service\TradeUnionCommittee.PDF.Service.csproj", "{D48420CD-ED38-4653-A85B-3E3D0A8AD9B8}"
EndProject
Project("{9A19103F-16F7-4668-BE54-9A1E7A4F7556}") = "TradeUnionCommittee.ViewModels", "..\TradeUnionCommittee.Core\src\TradeUnionCommittee.ViewModels\TradeUnionCommittee.ViewModels.csproj", "{7A15D516-4088-452C-876C-144BAA572ED6}"
EndProject
Project("{FAE04EC0-301F-11D3-BF4B-00C04F79EFBC}") = "TradeUnionCommittee.UnitTests", "test\TradeUnionCommittee.UnitTests\TradeUnionCommittee.UnitTests.csproj", "{82FE39BA-65C7-406A-8018-50D0B69D35D9}"
EndProject
Global
	GlobalSection(SolutionConfigurationPlatforms) = preSolution
		Debug|Any CPU = Debug|Any CPU
		Release|Any CPU = Release|Any CPU
	EndGlobalSection
	GlobalSection(ProjectConfigurationPlatforms) = postSolution
		{AB6F5C20-9BA5-4F90-A964-050373225746}.Debug|Any CPU.ActiveCfg = Debug|Any CPU
		{AB6F5C20-9BA5-4F90-A964-050373225746}.Debug|Any CPU.Build.0 = Debug|Any CPU
		{AB6F5C20-9BA5-4F90-A964-050373225746}.Release|Any CPU.ActiveCfg = Release|Any CPU
		{AB6F5C20-9BA5-4F90-A964-050373225746}.Release|Any CPU.Build.0 = Release|Any CPU
		{8A914A3D-62EE-4797-B1D3-701DFD8AEECE}.Debug|Any CPU.ActiveCfg = Debug|Any CPU
		{8A914A3D-62EE-4797-B1D3-701DFD8AEECE}.Debug|Any CPU.Build.0 = Debug|Any CPU
		{8A914A3D-62EE-4797-B1D3-701DFD8AEECE}.Release|Any CPU.ActiveCfg = Release|Any CPU
		{8A914A3D-62EE-4797-B1D3-701DFD8AEECE}.Release|Any CPU.Build.0 = Release|Any CPU
		{0B098628-1CAA-4C78-8C23-02D7418C61E7}.Debug|Any CPU.ActiveCfg = Debug|Any CPU
		{0B098628-1CAA-4C78-8C23-02D7418C61E7}.Debug|Any CPU.Build.0 = Debug|Any CPU
		{0B098628-1CAA-4C78-8C23-02D7418C61E7}.Release|Any CPU.ActiveCfg = Release|Any CPU
		{0B098628-1CAA-4C78-8C23-02D7418C61E7}.Release|Any CPU.Build.0 = Release|Any CPU
		{E2286A13-9991-4C6F-AE7C-F4BED280B609}.Debug|Any CPU.ActiveCfg = Debug|Any CPU
		{E2286A13-9991-4C6F-AE7C-F4BED280B609}.Debug|Any CPU.Build.0 = Debug|Any CPU
		{E2286A13-9991-4C6F-AE7C-F4BED280B609}.Release|Any CPU.ActiveCfg = Release|Any CPU
		{E2286A13-9991-4C6F-AE7C-F4BED280B609}.Release|Any CPU.Build.0 = Release|Any CPU
		{914686AE-482D-468A-B697-078FBADE933B}.Debug|Any CPU.ActiveCfg = Debug|Any CPU
		{914686AE-482D-468A-B697-078FBADE933B}.Debug|Any CPU.Build.0 = Debug|Any CPU
		{914686AE-482D-468A-B697-078FBADE933B}.Release|Any CPU.ActiveCfg = Release|Any CPU
		{914686AE-482D-468A-B697-078FBADE933B}.Release|Any CPU.Build.0 = Release|Any CPU
		{7B56D139-F734-45BF-B589-E6FC5A796EA4}.Debug|Any CPU.ActiveCfg = Debug|Any CPU
		{7B56D139-F734-45BF-B589-E6FC5A796EA4}.Debug|Any CPU.Build.0 = Debug|Any CPU
		{7B56D139-F734-45BF-B589-E6FC5A796EA4}.Release|Any CPU.ActiveCfg = Release|Any CPU
		{7B56D139-F734-45BF-B589-E6FC5A796EA4}.Release|Any CPU.Build.0 = Release|Any CPU
		{E52DB000-BAF3-42E4-9425-28ED75DA935E}.Debug|Any CPU.ActiveCfg = Debug|Any CPU
		{E52DB000-BAF3-42E4-9425-28ED75DA935E}.Debug|Any CPU.Build.0 = Debug|Any CPU
		{E52DB000-BAF3-42E4-9425-28ED75DA935E}.Release|Any CPU.ActiveCfg = Release|Any CPU
		{E52DB000-BAF3-42E4-9425-28ED75DA935E}.Release|Any CPU.Build.0 = Release|Any CPU
		{63562DE2-1278-46FC-85CA-9088F2DA04DB}.Debug|Any CPU.ActiveCfg = Debug|Any CPU
		{63562DE2-1278-46FC-85CA-9088F2DA04DB}.Debug|Any CPU.Build.0 = Debug|Any CPU
		{63562DE2-1278-46FC-85CA-9088F2DA04DB}.Release|Any CPU.ActiveCfg = Release|Any CPU
		{63562DE2-1278-46FC-85CA-9088F2DA04DB}.Release|Any CPU.Build.0 = Release|Any CPU
		{D48420CD-ED38-4653-A85B-3E3D0A8AD9B8}.Debug|Any CPU.ActiveCfg = Debug|Any CPU
		{D48420CD-ED38-4653-A85B-3E3D0A8AD9B8}.Debug|Any CPU.Build.0 = Debug|Any CPU
		{D48420CD-ED38-4653-A85B-3E3D0A8AD9B8}.Release|Any CPU.ActiveCfg = Release|Any CPU
		{D48420CD-ED38-4653-A85B-3E3D0A8AD9B8}.Release|Any CPU.Build.0 = Release|Any CPU
		{7A15D516-4088-452C-876C-144BAA572ED6}.Debug|Any CPU.ActiveCfg = Debug|Any CPU
		{7A15D516-4088-452C-876C-144BAA572ED6}.Debug|Any CPU.Build.0 = Debug|Any CPU
		{7A15D516-4088-452C-876C-144BAA572ED6}.Release|Any CPU.ActiveCfg = Release|Any CPU
		{7A15D516-4088-452C-876C-144BAA572ED6}.Release|Any CPU.Build.0 = Release|Any CPU
		{82FE39BA-65C7-406A-8018-50D0B69D35D9}.Debug|Any CPU.ActiveCfg = Debug|Any CPU
		{82FE39BA-65C7-406A-8018-50D0B69D35D9}.Debug|Any CPU.Build.0 = Debug|Any CPU
		{82FE39BA-65C7-406A-8018-50D0B69D35D9}.Release|Any CPU.ActiveCfg = Release|Any CPU
		{82FE39BA-65C7-406A-8018-50D0B69D35D9}.Release|Any CPU.Build.0 = Release|Any CPU
	EndGlobalSection
	GlobalSection(SolutionProperties) = preSolution
		HideSolutionNode = FALSE
	EndGlobalSection
	GlobalSection(NestedProjects) = preSolution
		{AB6F5C20-9BA5-4F90-A964-050373225746} = {20748959-7C9E-4987-A92E-5F9CCBB86B4E}
		{8A914A3D-62EE-4797-B1D3-701DFD8AEECE} = {20748959-7C9E-4987-A92E-5F9CCBB86B4E}
		{0B098628-1CAA-4C78-8C23-02D7418C61E7} = {20748959-7C9E-4987-A92E-5F9CCBB86B4E}
		{E2286A13-9991-4C6F-AE7C-F4BED280B609} = {20748959-7C9E-4987-A92E-5F9CCBB86B4E}
		{914686AE-482D-468A-B697-078FBADE933B} = {20748959-7C9E-4987-A92E-5F9CCBB86B4E}
		{7B56D139-F734-45BF-B589-E6FC5A796EA4} = {20748959-7C9E-4987-A92E-5F9CCBB86B4E}
		{E52DB000-BAF3-42E4-9425-28ED75DA935E} = {20748959-7C9E-4987-A92E-5F9CCBB86B4E}
		{63562DE2-1278-46FC-85CA-9088F2DA04DB} = {20748959-7C9E-4987-A92E-5F9CCBB86B4E}
		{D48420CD-ED38-4653-A85B-3E3D0A8AD9B8} = {20748959-7C9E-4987-A92E-5F9CCBB86B4E}
		{7A15D516-4088-452C-876C-144BAA572ED6} = {20748959-7C9E-4987-A92E-5F9CCBB86B4E}
		{82FE39BA-65C7-406A-8018-50D0B69D35D9} = {DE274338-7297-4DDA-A21D-0763CE0B252C}
	EndGlobalSection
	GlobalSection(ExtensibilityGlobals) = postSolution
		SolutionGuid = {B5A6B4F6-18F7-4CBF-B2DA-4589DDB76164}
	EndGlobalSection
EndGlobal
