
Microsoft Visual Studio Solution File, Format Version 12.00
# Visual Studio 15
VisualStudioVersion = 15.0.28307.757
MinimumVisualStudioVersion = 10.0.40219.1
Project("{2150E333-8FDC-42A3-9474-1A3956D46DE8}") = "src", "src", "{F90DF1C8-45A8-45E1-AD25-D9893D612B1F}"
EndProject
Project("{2150E333-8FDC-42A3-9474-1A3956D46DE8}") = "tests", "tests", "{FF227AA7-2A30-4462-9FB2-CBC14ED12833}"
EndProject
Project("{9A19103F-16F7-4668-BE54-9A1E7A4F7556}") = "TradeUnionCommittee.Api", "src\TradeUnionCommittee.Api\TradeUnionCommittee.Api.csproj", "{6EC41B98-4F14-45C4-97D0-9652809ECABF}"
EndProject
Project("{9A19103F-16F7-4668-BE54-9A1E7A4F7556}") = "TradeUnionCommittee.Mvc.Web.GUI", "src\TradeUnionCommittee.Mvc.Web.GUI\TradeUnionCommittee.Mvc.Web.GUI.csproj", "{1C9205AC-2A38-453D-A10E-26497ED7A8FA}"
EndProject
Project("{9A19103F-16F7-4668-BE54-9A1E7A4F7556}") = "TradeUnionCommittee.ViewModels", "src\TradeUnionCommittee.ViewModels\TradeUnionCommittee.ViewModels.csproj", "{4C7027DA-3FB1-4AB2-9DC2-F10B881FBBDC}"
EndProject
Project("{9A19103F-16F7-4668-BE54-9A1E7A4F7556}") = "TradeUnionCommittee.BLL", "src\TradeUnionCommittee.BLL\TradeUnionCommittee.BLL.csproj", "{836A2EDE-93FC-445F-85C6-BCE073C6EA4C}"
EndProject
Project("{9A19103F-16F7-4668-BE54-9A1E7A4F7556}") = "TradeUnionCommittee.DAL", "src\TradeUnionCommittee.DAL\TradeUnionCommittee.DAL.csproj", "{EC32D351-7DC4-4DDF-9BA3-FEAB6D3CC931}"
EndProject
Project("{9A19103F-16F7-4668-BE54-9A1E7A4F7556}") = "TradeUnionCommittee.DAL.Identity", "src\TradeUnionCommittee.DAL.Identity\TradeUnionCommittee.DAL.Identity.csproj", "{E01ACE31-DF8C-48AF-B2EB-500D5F3B5600}"
EndProject
Project("{9A19103F-16F7-4668-BE54-9A1E7A4F7556}") = "TradeUnionCommittee.DAL.Audit", "src\TradeUnionCommittee.DAL.Audit\TradeUnionCommittee.DAL.Audit.csproj", "{CC38FD1A-6743-4FD4-878F-330AF001232D}"
EndProject
Project("{9A19103F-16F7-4668-BE54-9A1E7A4F7556}") = "TradeUnionCommittee.CloudStorage.Service", "src\TradeUnionCommittee.CloudStorage.Service\TradeUnionCommittee.CloudStorage.Service.csproj", "{E8D3F1AE-C768-41FA-8BBF-7771D66B46F8}"
EndProject
Project("{9A19103F-16F7-4668-BE54-9A1E7A4F7556}") = "TradeUnionCommittee.DAL.CloudStorage", "src\TradeUnionCommittee.DAL.CloudStorage\TradeUnionCommittee.DAL.CloudStorage.csproj", "{1D337DD9-8816-4383-B432-8DEF446E3010}"
EndProject
Project("{9A19103F-16F7-4668-BE54-9A1E7A4F7556}") = "TradeUnionCommittee.PDF.Service", "src\TradeUnionCommittee.PDF.Service\TradeUnionCommittee.PDF.Service.csproj", "{8E69435E-6A13-43A0-8CBF-A84EE948BFAC}"
EndProject
Project("{9A19103F-16F7-4668-BE54-9A1E7A4F7556}") = "TradeUnionCommittee.DataAnalysis.Service", "src\TradeUnionCommittee.DataAnalysis.Service\TradeUnionCommittee.DataAnalysis.Service.csproj", "{00C380F5-14BF-4A20-9FAF-2599C69B03FB}"
EndProject
Project("{9A19103F-16F7-4668-BE54-9A1E7A4F7556}") = "TradeUnionCommittee.UnitTests", "tests\TradeUnionCommittee.UnitTests\TradeUnionCommittee.UnitTests.csproj", "{96747DD9-C089-442D-B314-2D3215D59F6C}"
EndProject
Global
	GlobalSection(SolutionConfigurationPlatforms) = preSolution
		Debug|Any CPU = Debug|Any CPU
		Release|Any CPU = Release|Any CPU
	EndGlobalSection
	GlobalSection(ProjectConfigurationPlatforms) = postSolution
		{6EC41B98-4F14-45C4-97D0-9652809ECABF}.Debug|Any CPU.ActiveCfg = Debug|Any CPU
		{6EC41B98-4F14-45C4-97D0-9652809ECABF}.Debug|Any CPU.Build.0 = Debug|Any CPU
		{6EC41B98-4F14-45C4-97D0-9652809ECABF}.Release|Any CPU.ActiveCfg = Release|Any CPU
		{6EC41B98-4F14-45C4-97D0-9652809ECABF}.Release|Any CPU.Build.0 = Release|Any CPU
		{1C9205AC-2A38-453D-A10E-26497ED7A8FA}.Debug|Any CPU.ActiveCfg = Debug|Any CPU
		{1C9205AC-2A38-453D-A10E-26497ED7A8FA}.Debug|Any CPU.Build.0 = Debug|Any CPU
		{1C9205AC-2A38-453D-A10E-26497ED7A8FA}.Release|Any CPU.ActiveCfg = Release|Any CPU
		{1C9205AC-2A38-453D-A10E-26497ED7A8FA}.Release|Any CPU.Build.0 = Release|Any CPU
		{4C7027DA-3FB1-4AB2-9DC2-F10B881FBBDC}.Debug|Any CPU.ActiveCfg = Debug|Any CPU
		{4C7027DA-3FB1-4AB2-9DC2-F10B881FBBDC}.Debug|Any CPU.Build.0 = Debug|Any CPU
		{4C7027DA-3FB1-4AB2-9DC2-F10B881FBBDC}.Release|Any CPU.ActiveCfg = Release|Any CPU
		{4C7027DA-3FB1-4AB2-9DC2-F10B881FBBDC}.Release|Any CPU.Build.0 = Release|Any CPU
		{836A2EDE-93FC-445F-85C6-BCE073C6EA4C}.Debug|Any CPU.ActiveCfg = Debug|Any CPU
		{836A2EDE-93FC-445F-85C6-BCE073C6EA4C}.Debug|Any CPU.Build.0 = Debug|Any CPU
		{836A2EDE-93FC-445F-85C6-BCE073C6EA4C}.Release|Any CPU.ActiveCfg = Release|Any CPU
		{836A2EDE-93FC-445F-85C6-BCE073C6EA4C}.Release|Any CPU.Build.0 = Release|Any CPU
		{EC32D351-7DC4-4DDF-9BA3-FEAB6D3CC931}.Debug|Any CPU.ActiveCfg = Debug|Any CPU
		{EC32D351-7DC4-4DDF-9BA3-FEAB6D3CC931}.Debug|Any CPU.Build.0 = Debug|Any CPU
		{EC32D351-7DC4-4DDF-9BA3-FEAB6D3CC931}.Release|Any CPU.ActiveCfg = Release|Any CPU
		{EC32D351-7DC4-4DDF-9BA3-FEAB6D3CC931}.Release|Any CPU.Build.0 = Release|Any CPU
		{E01ACE31-DF8C-48AF-B2EB-500D5F3B5600}.Debug|Any CPU.ActiveCfg = Debug|Any CPU
		{E01ACE31-DF8C-48AF-B2EB-500D5F3B5600}.Debug|Any CPU.Build.0 = Debug|Any CPU
		{E01ACE31-DF8C-48AF-B2EB-500D5F3B5600}.Release|Any CPU.ActiveCfg = Release|Any CPU
		{E01ACE31-DF8C-48AF-B2EB-500D5F3B5600}.Release|Any CPU.Build.0 = Release|Any CPU
		{CC38FD1A-6743-4FD4-878F-330AF001232D}.Debug|Any CPU.ActiveCfg = Debug|Any CPU
		{CC38FD1A-6743-4FD4-878F-330AF001232D}.Debug|Any CPU.Build.0 = Debug|Any CPU
		{CC38FD1A-6743-4FD4-878F-330AF001232D}.Release|Any CPU.ActiveCfg = Release|Any CPU
		{CC38FD1A-6743-4FD4-878F-330AF001232D}.Release|Any CPU.Build.0 = Release|Any CPU
		{E8D3F1AE-C768-41FA-8BBF-7771D66B46F8}.Debug|Any CPU.ActiveCfg = Debug|Any CPU
		{E8D3F1AE-C768-41FA-8BBF-7771D66B46F8}.Debug|Any CPU.Build.0 = Debug|Any CPU
		{E8D3F1AE-C768-41FA-8BBF-7771D66B46F8}.Release|Any CPU.ActiveCfg = Release|Any CPU
		{E8D3F1AE-C768-41FA-8BBF-7771D66B46F8}.Release|Any CPU.Build.0 = Release|Any CPU
		{1D337DD9-8816-4383-B432-8DEF446E3010}.Debug|Any CPU.ActiveCfg = Debug|Any CPU
		{1D337DD9-8816-4383-B432-8DEF446E3010}.Debug|Any CPU.Build.0 = Debug|Any CPU
		{1D337DD9-8816-4383-B432-8DEF446E3010}.Release|Any CPU.ActiveCfg = Release|Any CPU
		{1D337DD9-8816-4383-B432-8DEF446E3010}.Release|Any CPU.Build.0 = Release|Any CPU
		{8E69435E-6A13-43A0-8CBF-A84EE948BFAC}.Debug|Any CPU.ActiveCfg = Debug|Any CPU
		{8E69435E-6A13-43A0-8CBF-A84EE948BFAC}.Debug|Any CPU.Build.0 = Debug|Any CPU
		{8E69435E-6A13-43A0-8CBF-A84EE948BFAC}.Release|Any CPU.ActiveCfg = Release|Any CPU
		{8E69435E-6A13-43A0-8CBF-A84EE948BFAC}.Release|Any CPU.Build.0 = Release|Any CPU
		{00C380F5-14BF-4A20-9FAF-2599C69B03FB}.Debug|Any CPU.ActiveCfg = Debug|Any CPU
		{00C380F5-14BF-4A20-9FAF-2599C69B03FB}.Debug|Any CPU.Build.0 = Debug|Any CPU
		{00C380F5-14BF-4A20-9FAF-2599C69B03FB}.Release|Any CPU.ActiveCfg = Release|Any CPU
		{00C380F5-14BF-4A20-9FAF-2599C69B03FB}.Release|Any CPU.Build.0 = Release|Any CPU
		{96747DD9-C089-442D-B314-2D3215D59F6C}.Debug|Any CPU.ActiveCfg = Debug|Any CPU
		{96747DD9-C089-442D-B314-2D3215D59F6C}.Debug|Any CPU.Build.0 = Debug|Any CPU
		{96747DD9-C089-442D-B314-2D3215D59F6C}.Release|Any CPU.ActiveCfg = Release|Any CPU
		{96747DD9-C089-442D-B314-2D3215D59F6C}.Release|Any CPU.Build.0 = Release|Any CPU
	EndGlobalSection
	GlobalSection(SolutionProperties) = preSolution
		HideSolutionNode = FALSE
	EndGlobalSection
	GlobalSection(NestedProjects) = preSolution
		{6EC41B98-4F14-45C4-97D0-9652809ECABF} = {F90DF1C8-45A8-45E1-AD25-D9893D612B1F}
		{1C9205AC-2A38-453D-A10E-26497ED7A8FA} = {F90DF1C8-45A8-45E1-AD25-D9893D612B1F}
		{4C7027DA-3FB1-4AB2-9DC2-F10B881FBBDC} = {F90DF1C8-45A8-45E1-AD25-D9893D612B1F}
		{836A2EDE-93FC-445F-85C6-BCE073C6EA4C} = {F90DF1C8-45A8-45E1-AD25-D9893D612B1F}
		{EC32D351-7DC4-4DDF-9BA3-FEAB6D3CC931} = {F90DF1C8-45A8-45E1-AD25-D9893D612B1F}
		{E01ACE31-DF8C-48AF-B2EB-500D5F3B5600} = {F90DF1C8-45A8-45E1-AD25-D9893D612B1F}
		{CC38FD1A-6743-4FD4-878F-330AF001232D} = {F90DF1C8-45A8-45E1-AD25-D9893D612B1F}
		{E8D3F1AE-C768-41FA-8BBF-7771D66B46F8} = {F90DF1C8-45A8-45E1-AD25-D9893D612B1F}
		{1D337DD9-8816-4383-B432-8DEF446E3010} = {F90DF1C8-45A8-45E1-AD25-D9893D612B1F}
		{8E69435E-6A13-43A0-8CBF-A84EE948BFAC} = {F90DF1C8-45A8-45E1-AD25-D9893D612B1F}
		{00C380F5-14BF-4A20-9FAF-2599C69B03FB} = {F90DF1C8-45A8-45E1-AD25-D9893D612B1F}
		{96747DD9-C089-442D-B314-2D3215D59F6C} = {FF227AA7-2A30-4462-9FB2-CBC14ED12833}
	EndGlobalSection
	GlobalSection(ExtensibilityGlobals) = postSolution
		SolutionGuid = {F1F97ADE-EF6D-439B-8120-12D813E378DE}
	EndGlobalSection
EndGlobal
