
Microsoft Visual Studio Solution File, Format Version 12.00
# Visual Studio 15
VisualStudioVersion = 15.0.28307.757
MinimumVisualStudioVersion = 10.0.40219.1
Project("{2150E333-8FDC-42A3-9474-1A3956D46DE8}") = "src", "src", "{D219E6BB-40DA-48BC-96D4-C952805B9B29}"
EndProject
Project("{2150E333-8FDC-42A3-9474-1A3956D46DE8}") = "tests", "tests", "{34CAC869-6C90-407E-90AC-07B5AB50C97D}"
EndProject
Project("{888888A0-9F3D-457C-B088-3A5042F75D52}") = "TradeUnionCommittee.DataAnalysis.Api", "src\TradeUnionCommittee.DataAnalysis.Api\TradeUnionCommittee.DataAnalysis.Api.pyproj", "{AEAE16B1-1DC9-45DB-8C44-D11A94C3403B}"
EndProject
Global
	GlobalSection(SolutionConfigurationPlatforms) = preSolution
		Debug|Any CPU = Debug|Any CPU
		Release|Any CPU = Release|Any CPU
	EndGlobalSection
	GlobalSection(ProjectConfigurationPlatforms) = postSolution
		{AEAE16B1-1DC9-45DB-8C44-D11A94C3403B}.Debug|Any CPU.ActiveCfg = Debug|Any CPU
		{AEAE16B1-1DC9-45DB-8C44-D11A94C3403B}.Debug|Any CPU.Build.0 = Debug|Any CPU
		{AEAE16B1-1DC9-45DB-8C44-D11A94C3403B}.Release|Any CPU.ActiveCfg = Release|Any CPU
		{AEAE16B1-1DC9-45DB-8C44-D11A94C3403B}.Release|Any CPU.Build.0 = Release|Any CPU
	EndGlobalSection
	GlobalSection(SolutionProperties) = preSolution
		HideSolutionNode = FALSE
	EndGlobalSection
	GlobalSection(NestedProjects) = preSolution
		{AEAE16B1-1DC9-45DB-8C44-D11A94C3403B} = {D219E6BB-40DA-48BC-96D4-C952805B9B29}
	EndGlobalSection
	GlobalSection(ExtensibilityGlobals) = postSolution
		SolutionGuid = {3F612EDD-F296-40C0-9073-CA28764A5588}
	EndGlobalSection
EndGlobal
